// !$*UTF8*$!
{
	archiveVersion = 1;
	classes = {
	};
	objectVersion = 56;
	objects = {

/* Begin PBXBuildFile section */
		C41163FC2B09103F00F0C224 /* AppDelegate.swift in Sources */ = {isa = PBXBuildFile; fileRef = C41163FB2B09103F00F0C224 /* AppDelegate.swift */; };
		C41163FE2B09103F00F0C224 /* SceneDelegate.swift in Sources */ = {isa = PBXBuildFile; fileRef = C41163FD2B09103F00F0C224 /* SceneDelegate.swift */; };
		C41164052B09104000F0C224 /* Assets.xcassets in Resources */ = {isa = PBXBuildFile; fileRef = C41164042B09104000F0C224 /* Assets.xcassets */; };
		C41164082B09104000F0C224 /* LaunchScreen.storyboard in Resources */ = {isa = PBXBuildFile; fileRef = C41164062B09104000F0C224 /* LaunchScreen.storyboard */; };
		C41164112B09FC4A00F0C224 /* HomeViewController.swift in Sources */ = {isa = PBXBuildFile; fileRef = C41164102B09FC4A00F0C224 /* HomeViewController.swift */; };
		C41164132B09FCAE00F0C224 /* HomeModel.swift in Sources */ = {isa = PBXBuildFile; fileRef = C41164122B09FCAE00F0C224 /* HomeModel.swift */; };
		C41164152B09FCCB00F0C224 /* HomeViewModel.swift in Sources */ = {isa = PBXBuildFile; fileRef = C41164142B09FCCB00F0C224 /* HomeViewModel.swift */; };
		C41164172B0A4DB300F0C224 /* CatFactsTableViewCell.swift in Sources */ = {isa = PBXBuildFile; fileRef = C41164162B0A4DB300F0C224 /* CatFactsTableViewCell.swift */; };
		C411641C2B0A740B00F0C224 /* HomeView.swift in Sources */ = {isa = PBXBuildFile; fileRef = C411641B2B0A740B00F0C224 /* HomeView.swift */; };
		C411641F2B0A90CD00F0C224 /* NetworkingPackageGeneric in Frameworks */ = {isa = PBXBuildFile; productRef = C411641E2B0A90CD00F0C224 /* NetworkingPackageGeneric */; };
		C479526D2B0FA26D001CC207 /* BreedsModel.swift in Sources */ = {isa = PBXBuildFile; fileRef = C479526C2B0FA26D001CC207 /* BreedsModel.swift */; };
		C47952702B0FA2B2001CC207 /* BreedsViewController.swift in Sources */ = {isa = PBXBuildFile; fileRef = C479526F2B0FA2B2001CC207 /* BreedsViewController.swift */; };
		C47952722B0FA2CA001CC207 /* BreedsViewModel.swift in Sources */ = {isa = PBXBuildFile; fileRef = C47952712B0FA2CA001CC207 /* BreedsViewModel.swift */; };
		C47952742B0FA40B001CC207 /* TabController.swift in Sources */ = {isa = PBXBuildFile; fileRef = C47952732B0FA40B001CC207 /* TabController.swift */; };
		C47952772B0FB340001CC207 /* BreedsView.swift in Sources */ = {isa = PBXBuildFile; fileRef = C47952762B0FB340001CC207 /* BreedsView.swift */; };
		C47952792B0FB95B001CC207 /* CatBreedTableViewCell.swift in Sources */ = {isa = PBXBuildFile; fileRef = C47952782B0FB95B001CC207 /* CatBreedTableViewCell.swift */; };
/* End PBXBuildFile section */

/* Begin PBXFileReference section */
		C41163F82B09103F00F0C224 /* modular.app */ = {isa = PBXFileReference; explicitFileType = wrapper.application; includeInIndex = 0; path = modular.app; sourceTree = BUILT_PRODUCTS_DIR; };
		C41163FB2B09103F00F0C224 /* AppDelegate.swift */ = {isa = PBXFileReference; lastKnownFileType = sourcecode.swift; path = AppDelegate.swift; sourceTree = "<group>"; };
		C41163FD2B09103F00F0C224 /* SceneDelegate.swift */ = {isa = PBXFileReference; lastKnownFileType = sourcecode.swift; path = SceneDelegate.swift; sourceTree = "<group>"; };
		C41164042B09104000F0C224 /* Assets.xcassets */ = {isa = PBXFileReference; lastKnownFileType = folder.assetcatalog; path = Assets.xcassets; sourceTree = "<group>"; };
		C41164072B09104000F0C224 /* Base */ = {isa = PBXFileReference; lastKnownFileType = file.storyboard; name = Base; path = Base.lproj/LaunchScreen.storyboard; sourceTree = "<group>"; };
		C41164092B09104000F0C224 /* Info.plist */ = {isa = PBXFileReference; lastKnownFileType = text.plist.xml; path = Info.plist; sourceTree = "<group>"; };
		C41164102B09FC4A00F0C224 /* HomeViewController.swift */ = {isa = PBXFileReference; lastKnownFileType = sourcecode.swift; path = HomeViewController.swift; sourceTree = "<group>"; };
		C41164122B09FCAE00F0C224 /* HomeModel.swift */ = {isa = PBXFileReference; lastKnownFileType = sourcecode.swift; path = HomeModel.swift; sourceTree = "<group>"; };
		C41164142B09FCCB00F0C224 /* HomeViewModel.swift */ = {isa = PBXFileReference; lastKnownFileType = sourcecode.swift; path = HomeViewModel.swift; sourceTree = "<group>"; };
		C41164162B0A4DB300F0C224 /* CatFactsTableViewCell.swift */ = {isa = PBXFileReference; lastKnownFileType = sourcecode.swift; path = CatFactsTableViewCell.swift; sourceTree = "<group>"; };
		C411641B2B0A740B00F0C224 /* HomeView.swift */ = {isa = PBXFileReference; lastKnownFileType = sourcecode.swift; path = HomeView.swift; sourceTree = "<group>"; };
		C479526C2B0FA26D001CC207 /* BreedsModel.swift */ = {isa = PBXFileReference; lastKnownFileType = sourcecode.swift; path = BreedsModel.swift; sourceTree = "<group>"; };
		C479526F2B0FA2B2001CC207 /* BreedsViewController.swift */ = {isa = PBXFileReference; lastKnownFileType = sourcecode.swift; path = BreedsViewController.swift; sourceTree = "<group>"; };
		C47952712B0FA2CA001CC207 /* BreedsViewModel.swift */ = {isa = PBXFileReference; lastKnownFileType = sourcecode.swift; path = BreedsViewModel.swift; sourceTree = "<group>"; };
		C47952732B0FA40B001CC207 /* TabController.swift */ = {isa = PBXFileReference; lastKnownFileType = sourcecode.swift; path = TabController.swift; sourceTree = "<group>"; };
		C47952762B0FB340001CC207 /* BreedsView.swift */ = {isa = PBXFileReference; lastKnownFileType = sourcecode.swift; path = BreedsView.swift; sourceTree = "<group>"; };
		C47952782B0FB95B001CC207 /* CatBreedTableViewCell.swift */ = {isa = PBXFileReference; lastKnownFileType = sourcecode.swift; path = CatBreedTableViewCell.swift; sourceTree = "<group>"; };
/* End PBXFileReference section */

/* Begin PBXFrameworksBuildPhase section */
		C41163F52B09103F00F0C224 /* Frameworks */ = {
			isa = PBXFrameworksBuildPhase;
			buildActionMask = 2147483647;
			files = (
				C411641F2B0A90CD00F0C224 /* NetworkingPackageGeneric in Frameworks */,
			);
			runOnlyForDeploymentPostprocessing = 0;
		};
/* End PBXFrameworksBuildPhase section */

/* Begin PBXGroup section */
		C41163EF2B09103F00F0C224 = {
			isa = PBXGroup;
			children = (
				C41163FA2B09103F00F0C224 /* modular */,
				C41163F92B09103F00F0C224 /* Products */,
			);
			sourceTree = "<group>";
		};
		C41163F92B09103F00F0C224 /* Products */ = {
			isa = PBXGroup;
			children = (
				C41163F82B09103F00F0C224 /* modular.app */,
			);
			name = Products;
			sourceTree = "<group>";
		};
		C41163FA2B09103F00F0C224 /* modular */ = {
			isa = PBXGroup;
			children = (
				C47952752B0FA413001CC207 /* Support */,
				C479526B2B0FA24D001CC207 /* BreedsPage */,
				C411640F2B09FC2D00F0C224 /* HomePage */,
				C41164092B09104000F0C224 /* Info.plist */,
				C41164162B0A4DB300F0C224 /* CatFactsTableViewCell.swift */,
				C47952732B0FA40B001CC207 /* TabController.swift */,
				C47952782B0FB95B001CC207 /* CatBreedTableViewCell.swift */,
			);
			path = modular;
			sourceTree = "<group>";
		};
		C411640F2B09FC2D00F0C224 /* HomePage */ = {
			isa = PBXGroup;
			children = (
				C41164122B09FCAE00F0C224 /* HomeModel.swift */,
				C41164142B09FCCB00F0C224 /* HomeViewModel.swift */,
				C41164102B09FC4A00F0C224 /* HomeViewController.swift */,
				C411641B2B0A740B00F0C224 /* HomeView.swift */,
			);
			path = HomePage;
			sourceTree = "<group>";
		};
		C479526B2B0FA24D001CC207 /* BreedsPage */ = {
			isa = PBXGroup;
			children = (
				C479526C2B0FA26D001CC207 /* BreedsModel.swift */,
				C479526F2B0FA2B2001CC207 /* BreedsViewController.swift */,
				C47952712B0FA2CA001CC207 /* BreedsViewModel.swift */,
				C47952762B0FB340001CC207 /* BreedsView.swift */,
			);
			path = BreedsPage;
			sourceTree = "<group>";
		};
		C47952752B0FA413001CC207 /* Support */ = {
			isa = PBXGroup;
			children = (
				C41163FB2B09103F00F0C224 /* AppDelegate.swift */,
				C41163FD2B09103F00F0C224 /* SceneDelegate.swift */,
				C41164042B09104000F0C224 /* Assets.xcassets */,
				C41164062B09104000F0C224 /* LaunchScreen.storyboard */,
			);
			path = Support;
			sourceTree = "<group>";
		};
/* End PBXGroup section */

/* Begin PBXNativeTarget section */
		C41163F72B09103F00F0C224 /* modular */ = {
			isa = PBXNativeTarget;
			buildConfigurationList = C411640C2B09104000F0C224 /* Build configuration list for PBXNativeTarget "modular" */;
			buildPhases = (
				C41163F42B09103F00F0C224 /* Sources */,
				C41163F52B09103F00F0C224 /* Frameworks */,
				C41163F62B09103F00F0C224 /* Resources */,
			);
			buildRules = (
			);
			dependencies = (
			);
			name = modular;
			packageProductDependencies = (
				C411641E2B0A90CD00F0C224 /* NetworkingPackageGeneric */,
			);
			productName = modular;
			productReference = C41163F82B09103F00F0C224 /* modular.app */;
			productType = "com.apple.product-type.application";
		};
/* End PBXNativeTarget section */

/* Begin PBXProject section */
		C41163F02B09103F00F0C224 /* Project object */ = {
			isa = PBXProject;
			attributes = {
				BuildIndependentTargetsInParallel = 1;
				LastSwiftUpdateCheck = 1500;
				LastUpgradeCheck = 1500;
				TargetAttributes = {
					C41163F72B09103F00F0C224 = {
						CreatedOnToolsVersion = 15.0;
					};
				};
			};
			buildConfigurationList = C41163F32B09103F00F0C224 /* Build configuration list for PBXProject "modular" */;
			compatibilityVersion = "Xcode 14.0";
			developmentRegion = en;
			hasScannedForEncodings = 0;
			knownRegions = (
				en,
				Base,
			);
			mainGroup = C41163EF2B09103F00F0C224;
			packageReferences = (
				C411641D2B0A90CD00F0C224 /* XCRemoteSwiftPackageReference "networking-package-generic" */,
			);
			productRefGroup = C41163F92B09103F00F0C224 /* Products */;
			projectDirPath = "";
			projectRoot = "";
			targets = (
				C41163F72B09103F00F0C224 /* modular */,
			);
		};
/* End PBXProject section */

/* Begin PBXResourcesBuildPhase section */
		C41163F62B09103F00F0C224 /* Resources */ = {
			isa = PBXResourcesBuildPhase;
			buildActionMask = 2147483647;
			files = (
				C41164082B09104000F0C224 /* LaunchScreen.storyboard in Resources */,
				C41164052B09104000F0C224 /* Assets.xcassets in Resources */,
			);
			runOnlyForDeploymentPostprocessing = 0;
		};
/* End PBXResourcesBuildPhase section */

/* Begin PBXSourcesBuildPhase section */
		C41163F42B09103F00F0C224 /* Sources */ = {
			isa = PBXSourcesBuildPhase;
			buildActionMask = 2147483647;
			files = (
				C41164132B09FCAE00F0C224 /* HomeModel.swift in Sources */,
				C47952722B0FA2CA001CC207 /* BreedsViewModel.swift in Sources */,
				C41164112B09FC4A00F0C224 /* HomeViewController.swift in Sources */,
				C479526D2B0FA26D001CC207 /* BreedsModel.swift in Sources */,
				C47952742B0FA40B001CC207 /* TabController.swift in Sources */,
				C41163FC2B09103F00F0C224 /* AppDelegate.swift in Sources */,
				C47952702B0FA2B2001CC207 /* BreedsViewController.swift in Sources */,
				C47952772B0FB340001CC207 /* BreedsView.swift in Sources */,
				C41164172B0A4DB300F0C224 /* CatFactsTableViewCell.swift in Sources */,
				C47952792B0FB95B001CC207 /* CatBreedTableViewCell.swift in Sources */,
				C411641C2B0A740B00F0C224 /* HomeView.swift in Sources */,
				C41164152B09FCCB00F0C224 /* HomeViewModel.swift in Sources */,
				C41163FE2B09103F00F0C224 /* SceneDelegate.swift in Sources */,
			);
			runOnlyForDeploymentPostprocessing = 0;
		};
/* End PBXSourcesBuildPhase section */

/* Begin PBXVariantGroup section */
		C41164062B09104000F0C224 /* LaunchScreen.storyboard */ = {
			isa = PBXVariantGroup;
			children = (
				C41164072B09104000F0C224 /* Base */,
			);
			name = LaunchScreen.storyboard;
			sourceTree = "<group>";
		};
/* End PBXVariantGroup section */

/* Begin XCBuildConfiguration section */
		C411640A2B09104000F0C224 /* Debug */ = {
			isa = XCBuildConfiguration;
			buildSettings = {
				ALWAYS_SEARCH_USER_PATHS = NO;
				ASSETCATALOG_COMPILER_GENERATE_SWIFT_ASSET_SYMBOL_EXTENSIONS = YES;
				CLANG_ANALYZER_NONNULL = YES;
				CLANG_ANALYZER_NUMBER_OBJECT_CONVERSION = YES_AGGRESSIVE;
				CLANG_CXX_LANGUAGE_STANDARD = "gnu++20";
				CLANG_ENABLE_MODULES = YES;
				CLANG_ENABLE_OBJC_ARC = YES;
				CLANG_ENABLE_OBJC_WEAK = YES;
				CLANG_WARN_BLOCK_CAPTURE_AUTORELEASING = YES;
				CLANG_WARN_BOOL_CONVERSION = YES;
				CLANG_WARN_COMMA = YES;
				CLANG_WARN_CONSTANT_CONVERSION = YES;
				CLANG_WARN_DEPRECATED_OBJC_IMPLEMENTATIONS = YES;
				CLANG_WARN_DIRECT_OBJC_ISA_USAGE = YES_ERROR;
				CLANG_WARN_DOCUMENTATION_COMMENTS = YES;
				CLANG_WARN_EMPTY_BODY = YES;
				CLANG_WARN_ENUM_CONVERSION = YES;
				CLANG_WARN_INFINITE_RECURSION = YES;
				CLANG_WARN_INT_CONVERSION = YES;
				CLANG_WARN_NON_LITERAL_NULL_CONVERSION = YES;
				CLANG_WARN_OBJC_IMPLICIT_RETAIN_SELF = YES;
				CLANG_WARN_OBJC_LITERAL_CONVERSION = YES;
				CLANG_WARN_OBJC_ROOT_CLASS = YES_ERROR;
				CLANG_WARN_QUOTED_INCLUDE_IN_FRAMEWORK_HEADER = YES;
				CLANG_WARN_RANGE_LOOP_ANALYSIS = YES;
				CLANG_WARN_STRICT_PROTOTYPES = YES;
				CLANG_WARN_SUSPICIOUS_MOVE = YES;
				CLANG_WARN_UNGUARDED_AVAILABILITY = YES_AGGRESSIVE;
				CLANG_WARN_UNREACHABLE_CODE = YES;
				CLANG_WARN__DUPLICATE_METHOD_MATCH = YES;
				COPY_PHASE_STRIP = NO;
				DEBUG_INFORMATION_FORMAT = dwarf;
				ENABLE_STRICT_OBJC_MSGSEND = YES;
				ENABLE_TESTABILITY = YES;
				ENABLE_USER_SCRIPT_SANDBOXING = YES;
				GCC_C_LANGUAGE_STANDARD = gnu17;
				GCC_DYNAMIC_NO_PIC = NO;
				GCC_NO_COMMON_BLOCKS = YES;
				GCC_OPTIMIZATION_LEVEL = 0;
				GCC_PREPROCESSOR_DEFINITIONS = (
					"DEBUG=1",
					"$(inherited)",
				);
				GCC_WARN_64_TO_32_BIT_CONVERSION = YES;
				GCC_WARN_ABOUT_RETURN_TYPE = YES_ERROR;
				GCC_WARN_UNDECLARED_SELECTOR = YES;
				GCC_WARN_UNINITIALIZED_AUTOS = YES_AGGRESSIVE;
				GCC_WARN_UNUSED_FUNCTION = YES;
				GCC_WARN_UNUSED_VARIABLE = YES;
				IPHONEOS_DEPLOYMENT_TARGET = 17.0;
				LOCALIZATION_PREFERS_STRING_CATALOGS = YES;
				MTL_ENABLE_DEBUG_INFO = INCLUDE_SOURCE;
				MTL_FAST_MATH = YES;
				ONLY_ACTIVE_ARCH = YES;
				SDKROOT = iphoneos;
				SWIFT_ACTIVE_COMPILATION_CONDITIONS = "DEBUG $(inherited)";
				SWIFT_OPTIMIZATION_LEVEL = "-Onone";
			};
			name = Debug;
		};
		C411640B2B09104000F0C224 /* Release */ = {
			isa = XCBuildConfiguration;
			buildSettings = {
				ALWAYS_SEARCH_USER_PATHS = NO;
				ASSETCATALOG_COMPILER_GENERATE_SWIFT_ASSET_SYMBOL_EXTENSIONS = YES;
				CLANG_ANALYZER_NONNULL = YES;
				CLANG_ANALYZER_NUMBER_OBJECT_CONVERSION = YES_AGGRESSIVE;
				CLANG_CXX_LANGUAGE_STANDARD = "gnu++20";
				CLANG_ENABLE_MODULES = YES;
				CLANG_ENABLE_OBJC_ARC = YES;
				CLANG_ENABLE_OBJC_WEAK = YES;
				CLANG_WARN_BLOCK_CAPTURE_AUTORELEASING = YES;
				CLANG_WARN_BOOL_CONVERSION = YES;
				CLANG_WARN_COMMA = YES;
				CLANG_WARN_CONSTANT_CONVERSION = YES;
				CLANG_WARN_DEPRECATED_OBJC_IMPLEMENTATIONS = YES;
				CLANG_WARN_DIRECT_OBJC_ISA_USAGE = YES_ERROR;
				CLANG_WARN_DOCUMENTATION_COMMENTS = YES;
				CLANG_WARN_EMPTY_BODY = YES;
				CLANG_WARN_ENUM_CONVERSION = YES;
				CLANG_WARN_INFINITE_RECURSION = YES;
				CLANG_WARN_INT_CONVERSION = YES;
				CLANG_WARN_NON_LITERAL_NULL_CONVERSION = YES;
				CLANG_WARN_OBJC_IMPLICIT_RETAIN_SELF = YES;
				CLANG_WARN_OBJC_LITERAL_CONVERSION = YES;
				CLANG_WARN_OBJC_ROOT_CLASS = YES_ERROR;
				CLANG_WARN_QUOTED_INCLUDE_IN_FRAMEWORK_HEADER = YES;
				CLANG_WARN_RANGE_LOOP_ANALYSIS = YES;
				CLANG_WARN_STRICT_PROTOTYPES = YES;
				CLANG_WARN_SUSPICIOUS_MOVE = YES;
				CLANG_WARN_UNGUARDED_AVAILABILITY = YES_AGGRESSIVE;
				CLANG_WARN_UNREACHABLE_CODE = YES;
				CLANG_WARN__DUPLICATE_METHOD_MATCH = YES;
				COPY_PHASE_STRIP = NO;
				DEBUG_INFORMATION_FORMAT = "dwarf-with-dsym";
				ENABLE_NS_ASSERTIONS = NO;
				ENABLE_STRICT_OBJC_MSGSEND = YES;
				ENABLE_USER_SCRIPT_SANDBOXING = YES;
				GCC_C_LANGUAGE_STANDARD = gnu17;
				GCC_NO_COMMON_BLOCKS = YES;
				GCC_WARN_64_TO_32_BIT_CONVERSION = YES;
				GCC_WARN_ABOUT_RETURN_TYPE = YES_ERROR;
				GCC_WARN_UNDECLARED_SELECTOR = YES;
				GCC_WARN_UNINITIALIZED_AUTOS = YES_AGGRESSIVE;
				GCC_WARN_UNUSED_FUNCTION = YES;
				GCC_WARN_UNUSED_VARIABLE = YES;
				IPHONEOS_DEPLOYMENT_TARGET = 17.0;
				LOCALIZATION_PREFERS_STRING_CATALOGS = YES;
				MTL_ENABLE_DEBUG_INFO = NO;
				MTL_FAST_MATH = YES;
				SDKROOT = iphoneos;
				SWIFT_COMPILATION_MODE = wholemodule;
				VALIDATE_PRODUCT = YES;
			};
			name = Release;
		};
		C411640D2B09104000F0C224 /* Debug */ = {
			isa = XCBuildConfiguration;
			buildSettings = {
				ASSETCATALOG_COMPILER_APPICON_NAME = AppIcon;
				ASSETCATALOG_COMPILER_GLOBAL_ACCENT_COLOR_NAME = AccentColor;
				CODE_SIGN_STYLE = Automatic;
				CURRENT_PROJECT_VERSION = 1;
				DEVELOPMENT_TEAM = X825NANUF8;
				GENERATE_INFOPLIST_FILE = YES;
				INFOPLIST_FILE = modular/Info.plist;
				INFOPLIST_KEY_UIApplicationSupportsIndirectInputEvents = YES;
				INFOPLIST_KEY_UILaunchStoryboardName = LaunchScreen;
				INFOPLIST_KEY_UISupportedInterfaceOrientations_iPad = "UIInterfaceOrientationPortrait UIInterfaceOrientationPortraitUpsideDown UIInterfaceOrientationLandscapeLeft UIInterfaceOrientationLandscapeRight";
				INFOPLIST_KEY_UISupportedInterfaceOrientations_iPhone = "UIInterfaceOrientationPortrait UIInterfaceOrientationLandscapeLeft UIInterfaceOrientationLandscapeRight";
				LD_RUNPATH_SEARCH_PATHS = (
					"$(inherited)",
					"@executable_path/Frameworks",
				);
				MARKETING_VERSION = 1.0;
				PRODUCT_BUNDLE_IDENTIFIER = test.modular;
				PRODUCT_NAME = "$(TARGET_NAME)";
				SWIFT_EMIT_LOC_STRINGS = YES;
				SWIFT_VERSION = 5.0;
				TARGETED_DEVICE_FAMILY = "1,2";
			};
			name = Debug;
		};
		C411640E2B09104000F0C224 /* Release */ = {
			isa = XCBuildConfiguration;
			buildSettings = {
				ASSETCATALOG_COMPILER_APPICON_NAME = AppIcon;
				ASSETCATALOG_COMPILER_GLOBAL_ACCENT_COLOR_NAME = AccentColor;
				CODE_SIGN_STYLE = Automatic;
				CURRENT_PROJECT_VERSION = 1;
				DEVELOPMENT_TEAM = X825NANUF8;
				GENERATE_INFOPLIST_FILE = YES;
				INFOPLIST_FILE = modular/Info.plist;
				INFOPLIST_KEY_UIApplicationSupportsIndirectInputEvents = YES;
				INFOPLIST_KEY_UILaunchStoryboardName = LaunchScreen;
				INFOPLIST_KEY_UISupportedInterfaceOrientations_iPad = "UIInterfaceOrientationPortrait UIInterfaceOrientationPortraitUpsideDown UIInterfaceOrientationLandscapeLeft UIInterfaceOrientationLandscapeRight";
				INFOPLIST_KEY_UISupportedInterfaceOrientations_iPhone = "UIInterfaceOrientationPortrait UIInterfaceOrientationLandscapeLeft UIInterfaceOrientationLandscapeRight";
				LD_RUNPATH_SEARCH_PATHS = (
					"$(inherited)",
					"@executable_path/Frameworks",
				);
				MARKETING_VERSION = 1.0;
				PRODUCT_BUNDLE_IDENTIFIER = test.modular;
				PRODUCT_NAME = "$(TARGET_NAME)";
				SWIFT_EMIT_LOC_STRINGS = YES;
				SWIFT_VERSION = 5.0;
				TARGETED_DEVICE_FAMILY = "1,2";
			};
			name = Release;
		};
/* End XCBuildConfiguration section */

/* Begin XCConfigurationList section */
		C41163F32B09103F00F0C224 /* Build configuration list for PBXProject "modular" */ = {
			isa = XCConfigurationList;
			buildConfigurations = (
				C411640A2B09104000F0C224 /* Debug */,
				C411640B2B09104000F0C224 /* Release */,
			);
			defaultConfigurationIsVisible = 0;
			defaultConfigurationName = Release;
		};
		C411640C2B09104000F0C224 /* Build configuration list for PBXNativeTarget "modular" */ = {
			isa = XCConfigurationList;
			buildConfigurations = (
				C411640D2B09104000F0C224 /* Debug */,
				C411640E2B09104000F0C224 /* Release */,
			);
			defaultConfigurationIsVisible = 0;
			defaultConfigurationName = Release;
		};
/* End XCConfigurationList section */

/* Begin XCRemoteSwiftPackageReference section */
		C411641D2B0A90CD00F0C224 /* XCRemoteSwiftPackageReference "networking-package-generic" */ = {
			isa = XCRemoteSwiftPackageReference;
			repositoryURL = "https://github.com/levanl/networking-package-generic.git";
			requirement = {
				branch = main;
				kind = branch;
			};
		};
/* End XCRemoteSwiftPackageReference section */

/* Begin XCSwiftPackageProductDependency section */
		C411641E2B0A90CD00F0C224 /* NetworkingPackageGeneric */ = {
			isa = XCSwiftPackageProductDependency;
			package = C411641D2B0A90CD00F0C224 /* XCRemoteSwiftPackageReference "networking-package-generic" */;
			productName = NetworkingPackageGeneric;
		};
/* End XCSwiftPackageProductDependency section */
	};
	rootObject = C41163F02B09103F00F0C224 /* Project object */;
}
